
Microsoft Visual Studio Solution File, Format Version 12.00
# Visual Studio Version 17
VisualStudioVersion = 17.9.34701.34
MinimumVisualStudioVersion = 10.0.40219.1
Project("{9A19103F-16F7-4668-BE54-9A1E7A4F7556}") = "ModbusPlcProject", "IztarimPLC\ModbusPlcProject.csproj", "{DC9AFE81-B23D-4D8C-83A4-DBDB6B6EE089}"
EndProject
Global
	GlobalSection(SolutionConfigurationPlatforms) = preSolution
		Debug|Any CPU = Debug|Any CPU
		Release|Any CPU = Release|Any CPU
	EndGlobalSection
	GlobalSection(ProjectConfigurationPlatforms) = postSolution
		{DC9AFE81-B23D-4D8C-83A4-DBDB6B6EE089}.Debug|Any CPU.ActiveCfg = Debug|Any CPU
		{DC9AFE81-B23D-4D8C-83A4-DBDB6B6EE089}.Debug|Any CPU.Build.0 = Debug|Any CPU
		{DC9AFE81-B23D-4D8C-83A4-DBDB6B6EE089}.Release|Any CPU.ActiveCfg = Release|Any CPU
		{DC9AFE81-B23D-4D8C-83A4-DBDB6B6EE089}.Release|Any CPU.Build.0 = Release|Any CPU
	EndGlobalSection
	GlobalSection(SolutionProperties) = preSolution
		HideSolutionNode = FALSE
	EndGlobalSection
	GlobalSection(ExtensibilityGlobals) = postSolution
		SolutionGuid = {B750A96C-D6E2-45A9-B1D9-A7194CD1A365}
	EndGlobalSection
EndGlobal
